// !$*UTF8*$!
{
	archiveVersion = 1;
	classes = {
	};
	objectVersion = 50;
	objects = {

/* Begin PBXBuildFile section */
		8D1A759721859018008C0BF4 /* AppDelegate.swift in Sources */ = {isa = PBXBuildFile; fileRef = 8D1A759621859018008C0BF4 /* AppDelegate.swift */; };
		8D1A759921859018008C0BF4 /* ViewController.swift in Sources */ = {isa = PBXBuildFile; fileRef = 8D1A759821859018008C0BF4 /* ViewController.swift */; };
		8D1A759C21859018008C0BF4 /* Main.storyboard in Resources */ = {isa = PBXBuildFile; fileRef = 8D1A759A21859018008C0BF4 /* Main.storyboard */; };
		8D1A759F21859018008C0BF4 /* I_Am.xcdatamodeld in Sources */ = {isa = PBXBuildFile; fileRef = 8D1A759D21859018008C0BF4 /* I_Am.xcdatamodeld */; };
		8D1A75A12185901D008C0BF4 /* Assets.xcassets in Resources */ = {isa = PBXBuildFile; fileRef = 8D1A75A02185901D008C0BF4 /* Assets.xcassets */; };
		8D1A75A42185901D008C0BF4 /* LaunchScreen.storyboard in Resources */ = {isa = PBXBuildFile; fileRef = 8D1A75A22185901D008C0BF4 /* LaunchScreen.storyboard */; };
		8D1A75AF2185901E008C0BF4 /* I_AmTests.swift in Sources */ = {isa = PBXBuildFile; fileRef = 8D1A75AE2185901E008C0BF4 /* I_AmTests.swift */; };
		8D1A75BA2185901E008C0BF4 /* I_AmUITests.swift in Sources */ = {isa = PBXBuildFile; fileRef = 8D1A75B92185901E008C0BF4 /* I_AmUITests.swift */; };
		8D1A75C8218623E5008C0BF4 /* Strings.strings in Resources */ = {isa = PBXBuildFile; fileRef = 8D1A75C7218623E5008C0BF4 /* Strings.strings */; };
/* End PBXBuildFile section */

/* Begin PBXContainerItemProxy section */
		8D1A75AB2185901E008C0BF4 /* PBXContainerItemProxy */ = {
			isa = PBXContainerItemProxy;
			containerPortal = 8D1A758B21859018008C0BF4 /* Project object */;
			proxyType = 1;
			remoteGlobalIDString = 8D1A759221859018008C0BF4;
			remoteInfo = "I Am";
		};
		8D1A75B62185901E008C0BF4 /* PBXContainerItemProxy */ = {
			isa = PBXContainerItemProxy;
			containerPortal = 8D1A758B21859018008C0BF4 /* Project object */;
			proxyType = 1;
			remoteGlobalIDString = 8D1A759221859018008C0BF4;
			remoteInfo = "I Am";
		};
/* End PBXContainerItemProxy section */

/* Begin PBXFileReference section */
		8D1A759321859018008C0BF4 /* I Am.app */ = {isa = PBXFileReference; explicitFileType = wrapper.application; includeInIndex = 0; path = "I Am.app"; sourceTree = BUILT_PRODUCTS_DIR; };
		8D1A759621859018008C0BF4 /* AppDelegate.swift */ = {isa = PBXFileReference; lastKnownFileType = sourcecode.swift; path = AppDelegate.swift; sourceTree = "<group>"; };
		8D1A759821859018008C0BF4 /* ViewController.swift */ = {isa = PBXFileReference; lastKnownFileType = sourcecode.swift; path = ViewController.swift; sourceTree = "<group>"; };
		8D1A759B21859018008C0BF4 /* Base */ = {isa = PBXFileReference; lastKnownFileType = file.storyboard; name = Base; path = Base.lproj/Main.storyboard; sourceTree = "<group>"; };
		8D1A759E21859018008C0BF4 /* I_Am.xcdatamodel */ = {isa = PBXFileReference; lastKnownFileType = wrapper.xcdatamodel; path = I_Am.xcdatamodel; sourceTree = "<group>"; };
		8D1A75A02185901D008C0BF4 /* Assets.xcassets */ = {isa = PBXFileReference; lastKnownFileType = folder.assetcatalog; path = Assets.xcassets; sourceTree = "<group>"; };
		8D1A75A32185901D008C0BF4 /* Base */ = {isa = PBXFileReference; lastKnownFileType = file.storyboard; name = Base; path = Base.lproj/LaunchScreen.storyboard; sourceTree = "<group>"; };
		8D1A75A52185901D008C0BF4 /* Info.plist */ = {isa = PBXFileReference; lastKnownFileType = text.plist.xml; path = Info.plist; sourceTree = "<group>"; };
		8D1A75AA2185901E008C0BF4 /* I AmTests.xctest */ = {isa = PBXFileReference; explicitFileType = wrapper.cfbundle; includeInIndex = 0; path = "I AmTests.xctest"; sourceTree = BUILT_PRODUCTS_DIR; };
		8D1A75AE2185901E008C0BF4 /* I_AmTests.swift */ = {isa = PBXFileReference; lastKnownFileType = sourcecode.swift; path = I_AmTests.swift; sourceTree = "<group>"; };
		8D1A75B02185901E008C0BF4 /* Info.plist */ = {isa = PBXFileReference; lastKnownFileType = text.plist.xml; path = Info.plist; sourceTree = "<group>"; };
		8D1A75B52185901E008C0BF4 /* I AmUITests.xctest */ = {isa = PBXFileReference; explicitFileType = wrapper.cfbundle; includeInIndex = 0; path = "I AmUITests.xctest"; sourceTree = BUILT_PRODUCTS_DIR; };
		8D1A75B92185901E008C0BF4 /* I_AmUITests.swift */ = {isa = PBXFileReference; lastKnownFileType = sourcecode.swift; path = I_AmUITests.swift; sourceTree = "<group>"; };
		8D1A75BB2185901E008C0BF4 /* Info.plist */ = {isa = PBXFileReference; lastKnownFileType = text.plist.xml; path = Info.plist; sourceTree = "<group>"; };
		8D1A75C7218623E5008C0BF4 /* Strings.strings */ = {isa = PBXFileReference; lastKnownFileType = text.plist.strings; name = Strings.strings; path = Assets.xcassets/Strings.strings; sourceTree = "<group>"; };
/* End PBXFileReference section */

/* Begin PBXFrameworksBuildPhase section */
		8D1A759021859018008C0BF4 /* Frameworks */ = {
			isa = PBXFrameworksBuildPhase;
			buildActionMask = 2147483647;
			files = (
			);
			runOnlyForDeploymentPostprocessing = 0;
		};
		8D1A75A72185901E008C0BF4 /* Frameworks */ = {
			isa = PBXFrameworksBuildPhase;
			buildActionMask = 2147483647;
			files = (
			);
			runOnlyForDeploymentPostprocessing = 0;
		};
		8D1A75B22185901E008C0BF4 /* Frameworks */ = {
			isa = PBXFrameworksBuildPhase;
			buildActionMask = 2147483647;
			files = (
			);
			runOnlyForDeploymentPostprocessing = 0;
		};
/* End PBXFrameworksBuildPhase section */

/* Begin PBXGroup section */
		8D1A758A21859018008C0BF4 = {
			isa = PBXGroup;
			children = (
				8D1A759521859018008C0BF4 /* I Am */,
				8D1A75AD2185901E008C0BF4 /* I AmTests */,
				8D1A75B82185901E008C0BF4 /* I AmUITests */,
				8D1A759421859018008C0BF4 /* Products */,
			);
			sourceTree = "<group>";
		};
		8D1A759421859018008C0BF4 /* Products */ = {
			isa = PBXGroup;
			children = (
				8D1A759321859018008C0BF4 /* I Am.app */,
				8D1A75AA2185901E008C0BF4 /* I AmTests.xctest */,
				8D1A75B52185901E008C0BF4 /* I AmUITests.xctest */,
			);
			name = Products;
			sourceTree = "<group>";
		};
		8D1A759521859018008C0BF4 /* I Am */ = {
			isa = PBXGroup;
			children = (
				8D1A759621859018008C0BF4 /* AppDelegate.swift */,
				8D1A759821859018008C0BF4 /* ViewController.swift */,
				8D1A759A21859018008C0BF4 /* Main.storyboard */,
				8D1A75A02185901D008C0BF4 /* Assets.xcassets */,
				8D1A75C7218623E5008C0BF4 /* Strings.strings */,
				8D1A75A22185901D008C0BF4 /* LaunchScreen.storyboard */,
				8D1A75A52185901D008C0BF4 /* Info.plist */,
				8D1A759D21859018008C0BF4 /* I_Am.xcdatamodeld */,
			);
			path = "I Am";
			sourceTree = "<group>";
		};
		8D1A75AD2185901E008C0BF4 /* I AmTests */ = {
			isa = PBXGroup;
			children = (
				8D1A75AE2185901E008C0BF4 /* I_AmTests.swift */,
				8D1A75B02185901E008C0BF4 /* Info.plist */,
			);
			path = "I AmTests";
			sourceTree = "<group>";
		};
		8D1A75B82185901E008C0BF4 /* I AmUITests */ = {
			isa = PBXGroup;
			children = (
				8D1A75B92185901E008C0BF4 /* I_AmUITests.swift */,
				8D1A75BB2185901E008C0BF4 /* Info.plist */,
			);
			path = "I AmUITests";
			sourceTree = "<group>";
		};
/* End PBXGroup section */

/* Begin PBXNativeTarget section */
		8D1A759221859018008C0BF4 /* I Am */ = {
			isa = PBXNativeTarget;
			buildConfigurationList = 8D1A75BE2185901E008C0BF4 /* Build configuration list for PBXNativeTarget "I Am" */;
			buildPhases = (
				8D1A758F21859018008C0BF4 /* Sources */,
				8D1A759021859018008C0BF4 /* Frameworks */,
				8D1A759121859018008C0BF4 /* Resources */,
			);
			buildRules = (
			);
			dependencies = (
			);
			name = "I Am";
			productName = "I Am";
			productReference = 8D1A759321859018008C0BF4 /* I Am.app */;
			productType = "com.apple.product-type.application";
		};
		8D1A75A92185901E008C0BF4 /* I AmTests */ = {
			isa = PBXNativeTarget;
			buildConfigurationList = 8D1A75C12185901E008C0BF4 /* Build configuration list for PBXNativeTarget "I AmTests" */;
			buildPhases = (
				8D1A75A62185901E008C0BF4 /* Sources */,
				8D1A75A72185901E008C0BF4 /* Frameworks */,
				8D1A75A82185901E008C0BF4 /* Resources */,
			);
			buildRules = (
			);
			dependencies = (
				8D1A75AC2185901E008C0BF4 /* PBXTargetDependency */,
			);
			name = "I AmTests";
			productName = "I AmTests";
			productReference = 8D1A75AA2185901E008C0BF4 /* I AmTests.xctest */;
			productType = "com.apple.product-type.bundle.unit-test";
		};
		8D1A75B42185901E008C0BF4 /* I AmUITests */ = {
			isa = PBXNativeTarget;
			buildConfigurationList = 8D1A75C42185901E008C0BF4 /* Build configuration list for PBXNativeTarget "I AmUITests" */;
			buildPhases = (
				8D1A75B12185901E008C0BF4 /* Sources */,
				8D1A75B22185901E008C0BF4 /* Frameworks */,
				8D1A75B32185901E008C0BF4 /* Resources */,
			);
			buildRules = (
			);
			dependencies = (
				8D1A75B72185901E008C0BF4 /* PBXTargetDependency */,
			);
			name = "I AmUITests";
			productName = "I AmUITests";
			productReference = 8D1A75B52185901E008C0BF4 /* I AmUITests.xctest */;
			productType = "com.apple.product-type.bundle.ui-testing";
		};
/* End PBXNativeTarget section */

/* Begin PBXProject section */
		8D1A758B21859018008C0BF4 /* Project object */ = {
			isa = PBXProject;
			attributes = {
				LastSwiftUpdateCheck = 1000;
				LastUpgradeCheck = 1000;
				ORGANIZATIONNAME = quasar;
				TargetAttributes = {
					8D1A759221859018008C0BF4 = {
						CreatedOnToolsVersion = 10.0;
					};
					8D1A75A92185901E008C0BF4 = {
						CreatedOnToolsVersion = 10.0;
						TestTargetID = 8D1A759221859018008C0BF4;
					};
					8D1A75B42185901E008C0BF4 = {
						CreatedOnToolsVersion = 10.0;
						TestTargetID = 8D1A759221859018008C0BF4;
					};
				};
			};
			buildConfigurationList = 8D1A758E21859018008C0BF4 /* Build configuration list for PBXProject "I Am" */;
			compatibilityVersion = "Xcode 9.3";
			developmentRegion = en;
			hasScannedForEncodings = 0;
			knownRegions = (
				en,
				Base,
			);
			mainGroup = 8D1A758A21859018008C0BF4;
			productRefGroup = 8D1A759421859018008C0BF4 /* Products */;
			projectDirPath = "";
			projectRoot = "";
			targets = (
				8D1A759221859018008C0BF4 /* I Am */,
				8D1A75A92185901E008C0BF4 /* I AmTests */,
				8D1A75B42185901E008C0BF4 /* I AmUITests */,
			);
		};
/* End PBXProject section */

/* Begin PBXResourcesBuildPhase section */
		8D1A759121859018008C0BF4 /* Resources */ = {
			isa = PBXResourcesBuildPhase;
			buildActionMask = 2147483647;
			files = (
				8D1A75A42185901D008C0BF4 /* LaunchScreen.storyboard in Resources */,
				8D1A75C8218623E5008C0BF4 /* Strings.strings in Resources */,
				8D1A75A12185901D008C0BF4 /* Assets.xcassets in Resources */,
				8D1A759C21859018008C0BF4 /* Main.storyboard in Resources */,
			);
			runOnlyForDeploymentPostprocessing = 0;
		};
		8D1A75A82185901E008C0BF4 /* Resources */ = {
			isa = PBXResourcesBuildPhase;
			buildActionMask = 2147483647;
			files = (
			);
			runOnlyForDeploymentPostprocessing = 0;
		};
		8D1A75B32185901E008C0BF4 /* Resources */ = {
			isa = PBXResourcesBuildPhase;
			buildActionMask = 2147483647;
			files = (
			);
			runOnlyForDeploymentPostprocessing = 0;
		};
/* End PBXResourcesBuildPhase section */

/* Begin PBXSourcesBuildPhase section */
		8D1A758F21859018008C0BF4 /* Sources */ = {
			isa = PBXSourcesBuildPhase;
			buildActionMask = 2147483647;
			files = (
				8D1A759921859018008C0BF4 /* ViewController.swift in Sources */,
				8D1A759721859018008C0BF4 /* AppDelegate.swift in Sources */,
				8D1A759F21859018008C0BF4 /* I_Am.xcdatamodeld in Sources */,
			);
			runOnlyForDeploymentPostprocessing = 0;
		};
		8D1A75A62185901E008C0BF4 /* Sources */ = {
			isa = PBXSourcesBuildPhase;
			buildActionMask = 2147483647;
			files = (
				8D1A75AF2185901E008C0BF4 /* I_AmTests.swift in Sources */,
			);
			runOnlyForDeploymentPostprocessing = 0;
		};
		8D1A75B12185901E008C0BF4 /* Sources */ = {
			isa = PBXSourcesBuildPhase;
			buildActionMask = 2147483647;
			files = (
				8D1A75BA2185901E008C0BF4 /* I_AmUITests.swift in Sources */,
			);
			runOnlyForDeploymentPostprocessing = 0;
		};
/* End PBXSourcesBuildPhase section */

/* Begin PBXTargetDependency section */
		8D1A75AC2185901E008C0BF4 /* PBXTargetDependency */ = {
			isa = PBXTargetDependency;
			target = 8D1A759221859018008C0BF4 /* I Am */;
			targetProxy = 8D1A75AB2185901E008C0BF4 /* PBXContainerItemProxy */;
		};
		8D1A75B72185901E008C0BF4 /* PBXTargetDependency */ = {
			isa = PBXTargetDependency;
			target = 8D1A759221859018008C0BF4 /* I Am */;
			targetProxy = 8D1A75B62185901E008C0BF4 /* PBXContainerItemProxy */;
		};
/* End PBXTargetDependency section */

/* Begin PBXVariantGroup section */
		8D1A759A21859018008C0BF4 /* Main.storyboard */ = {
			isa = PBXVariantGroup;
			children = (
				8D1A759B21859018008C0BF4 /* Base */,
			);
			name = Main.storyboard;
			sourceTree = "<group>";
		};
		8D1A75A22185901D008C0BF4 /* LaunchScreen.storyboard */ = {
			isa = PBXVariantGroup;
			children = (
				8D1A75A32185901D008C0BF4 /* Base */,
			);
			name = LaunchScreen.storyboard;
			sourceTree = "<group>";
		};
/* End PBXVariantGroup section */

/* Begin XCBuildConfiguration section */
		8D1A75BC2185901E008C0BF4 /* Debug */ = {
			isa = XCBuildConfiguration;
			buildSettings = {
				ALWAYS_SEARCH_USER_PATHS = NO;
				CLANG_ANALYZER_NONNULL = YES;
				CLANG_ANALYZER_NUMBER_OBJECT_CONVERSION = YES_AGGRESSIVE;
				CLANG_CXX_LANGUAGE_STANDARD = "gnu++14";
				CLANG_CXX_LIBRARY = "libc++";
				CLANG_ENABLE_MODULES = YES;
				CLANG_ENABLE_OBJC_ARC = YES;
				CLANG_ENABLE_OBJC_WEAK = YES;
				CLANG_WARN_BLOCK_CAPTURE_AUTORELEASING = YES;
				CLANG_WARN_BOOL_CONVERSION = YES;
				CLANG_WARN_COMMA = YES;
				CLANG_WARN_CONSTANT_CONVERSION = YES;
				CLANG_WARN_DEPRECATED_OBJC_IMPLEMENTATIONS = YES;
				CLANG_WARN_DIRECT_OBJC_ISA_USAGE = YES_ERROR;
				CLANG_WARN_DOCUMENTATION_COMMENTS = YES;
				CLANG_WARN_EMPTY_BODY = YES;
				CLANG_WARN_ENUM_CONVERSION = YES;
				CLANG_WARN_INFINITE_RECURSION = YES;
				CLANG_WARN_INT_CONVERSION = YES;
				CLANG_WARN_NON_LITERAL_NULL_CONVERSION = YES;
				CLANG_WARN_OBJC_IMPLICIT_RETAIN_SELF = YES;
				CLANG_WARN_OBJC_LITERAL_CONVERSION = YES;
				CLANG_WARN_OBJC_ROOT_CLASS = YES_ERROR;
				CLANG_WARN_RANGE_LOOP_ANALYSIS = YES;
				CLANG_WARN_STRICT_PROTOTYPES = YES;
				CLANG_WARN_SUSPICIOUS_MOVE = YES;
				CLANG_WARN_UNGUARDED_AVAILABILITY = YES_AGGRESSIVE;
				CLANG_WARN_UNREACHABLE_CODE = YES;
				CLANG_WARN__DUPLICATE_METHOD_MATCH = YES;
				CODE_SIGN_IDENTITY = "iPhone Developer";
				COPY_PHASE_STRIP = NO;
				DEBUG_INFORMATION_FORMAT = dwarf;
				ENABLE_STRICT_OBJC_MSGSEND = YES;
				ENABLE_TESTABILITY = YES;
				GCC_C_LANGUAGE_STANDARD = gnu11;
				GCC_DYNAMIC_NO_PIC = NO;
				GCC_NO_COMMON_BLOCKS = YES;
				GCC_OPTIMIZATION_LEVEL = 0;
				GCC_PREPROCESSOR_DEFINITIONS = (
					"DEBUG=1",
					"$(inherited)",
				);
				GCC_WARN_64_TO_32_BIT_CONVERSION = YES;
				GCC_WARN_ABOUT_RETURN_TYPE = YES_ERROR;
				GCC_WARN_UNDECLARED_SELECTOR = YES;
				GCC_WARN_UNINITIALIZED_AUTOS = YES_AGGRESSIVE;
				GCC_WARN_UNUSED_FUNCTION = YES;
				GCC_WARN_UNUSED_VARIABLE = YES;
				IPHONEOS_DEPLOYMENT_TARGET = 12.0;
				MTL_ENABLE_DEBUG_INFO = INCLUDE_SOURCE;
				MTL_FAST_MATH = YES;
				ONLY_ACTIVE_ARCH = YES;
				SDKROOT = iphoneos;
				SWIFT_ACTIVE_COMPILATION_CONDITIONS = DEBUG;
				SWIFT_OPTIMIZATION_LEVEL = "-Onone";
			};
			name = Debug;
		};
		8D1A75BD2185901E008C0BF4 /* Release */ = {
			isa = XCBuildConfiguration;
			buildSettings = {
				ALWAYS_SEARCH_USER_PATHS = NO;
				CLANG_ANALYZER_NONNULL = YES;
				CLANG_ANALYZER_NUMBER_OBJECT_CONVERSION = YES_AGGRESSIVE;
				CLANG_CXX_LANGUAGE_STANDARD = "gnu++14";
				CLANG_CXX_LIBRARY = "libc++";
				CLANG_ENABLE_MODULES = YES;
				CLANG_ENABLE_OBJC_ARC = YES;
				CLANG_ENABLE_OBJC_WEAK = YES;
				CLANG_WARN_BLOCK_CAPTURE_AUTORELEASING = YES;
				CLANG_WARN_BOOL_CONVERSION = YES;
				CLANG_WARN_COMMA = YES;
				CLANG_WARN_CONSTANT_CONVERSION = YES;
				CLANG_WARN_DEPRECATED_OBJC_IMPLEMENTATIONS = YES;
				CLANG_WARN_DIRECT_OBJC_ISA_USAGE = YES_ERROR;
				CLANG_WARN_DOCUMENTATION_COMMENTS = YES;
				CLANG_WARN_EMPTY_BODY = YES;
				CLANG_WARN_ENUM_CONVERSION = YES;
				CLANG_WARN_INFINITE_RECURSION = YES;
				CLANG_WARN_INT_CONVERSION = YES;
				CLANG_WARN_NON_LITERAL_NULL_CONVERSION = YES;
				CLANG_WARN_OBJC_IMPLICIT_RETAIN_SELF = YES;
				CLANG_WARN_OBJC_LITERAL_CONVERSION = YES;
				CLANG_WARN_OBJC_ROOT_CLASS = YES_ERROR;
				CLANG_WARN_RANGE_LOOP_ANALYSIS = YES;
				CLANG_WARN_STRICT_PROTOTYPES = YES;
				CLANG_WARN_SUSPICIOUS_MOVE = YES;
				CLANG_WARN_UNGUARDED_AVAILABILITY = YES_AGGRESSIVE;
				CLANG_WARN_UNREACHABLE_CODE = YES;
				CLANG_WARN__DUPLICATE_METHOD_MATCH = YES;
				CODE_SIGN_IDENTITY = "iPhone Developer";
				COPY_PHASE_STRIP = NO;
				DEBUG_INFORMATION_FORMAT = "dwarf-with-dsym";
				ENABLE_NS_ASSERTIONS = NO;
				ENABLE_STRICT_OBJC_MSGSEND = YES;
				GCC_C_LANGUAGE_STANDARD = gnu11;
				GCC_NO_COMMON_BLOCKS = YES;
				GCC_WARN_64_TO_32_BIT_CONVERSION = YES;
				GCC_WARN_ABOUT_RETURN_TYPE = YES_ERROR;
				GCC_WARN_UNDECLARED_SELECTOR = YES;
				GCC_WARN_UNINITIALIZED_AUTOS = YES_AGGRESSIVE;
				GCC_WARN_UNUSED_FUNCTION = YES;
				GCC_WARN_UNUSED_VARIABLE = YES;
				IPHONEOS_DEPLOYMENT_TARGET = 12.0;
				MTL_ENABLE_DEBUG_INFO = NO;
				MTL_FAST_MATH = YES;
				SDKROOT = iphoneos;
				SWIFT_COMPILATION_MODE = wholemodule;
				SWIFT_OPTIMIZATION_LEVEL = "-O";
				VALIDATE_PRODUCT = YES;
			};
			name = Release;
		};
		8D1A75BF2185901E008C0BF4 /* Debug */ = {
			isa = XCBuildConfiguration;
			buildSettings = {
				ASSETCATALOG_COMPILER_APPICON_NAME = AppIcon;
				CODE_SIGN_STYLE = Automatic;
				DEVELOPMENT_TEAM = Q97ACDUTR7;
				INFOPLIST_FILE = "I Am/Info.plist";
				LD_RUNPATH_SEARCH_PATHS = (
					"$(inherited)",
					"@executable_path/Frameworks",
				);
				PRODUCT_BUNDLE_IDENTIFIER = "com.quasar.I-Am";
				PRODUCT_NAME = "$(TARGET_NAME)";
				SWIFT_VERSION = 4.2;
				TARGETED_DEVICE_FAMILY = "1,2";
			};
			name = Debug;
		};
		8D1A75C02185901E008C0BF4 /* Release */ = {
			isa = XCBuildConfiguration;
			buildSettings = {
				ASSETCATALOG_COMPILER_APPICON_NAME = AppIcon;
				CODE_SIGN_STYLE = Automatic;
				DEVELOPMENT_TEAM = Q97ACDUTR7;
				INFOPLIST_FILE = "I Am/Info.plist";
				LD_RUNPATH_SEARCH_PATHS = (
					"$(inherited)",
					"@executable_path/Frameworks",
				);
				PRODUCT_BUNDLE_IDENTIFIER = "com.quasar.I-Am";
				PRODUCT_NAME = "$(TARGET_NAME)";
				SWIFT_VERSION = 4.2;
				TARGETED_DEVICE_FAMILY = "1,2";
			};
			name = Release;
		};
		8D1A75C22185901E008C0BF4 /* Debug */ = {
			isa = XCBuildConfiguration;
			buildSettings = {
				ALWAYS_EMBED_SWIFT_STANDARD_LIBRARIES = YES;
				BUNDLE_LOADER = "$(TEST_HOST)";
				CODE_SIGN_STYLE = Automatic;
				DEVELOPMENT_TEAM = Q97ACDUTR7;
				INFOPLIST_FILE = "I AmTests/Info.plist";
				LD_RUNPATH_SEARCH_PATHS = (
					"$(inherited)",
					"@executable_path/Frameworks",
					"@loader_path/Frameworks",
				);
				PRODUCT_BUNDLE_IDENTIFIER = "com.quasar.I-AmTests";
				PRODUCT_NAME = "$(TARGET_NAME)";
				SWIFT_VERSION = 4.2;
				TARGETED_DEVICE_FAMILY = "1,2";
				TEST_HOST = "$(BUILT_PRODUCTS_DIR)/I Am.app/I Am";
			};
			name = Debug;
		};
		8D1A75C32185901E008C0BF4 /* Release */ = {
			isa = XCBuildConfiguration;
			buildSettings = {
				ALWAYS_EMBED_SWIFT_STANDARD_LIBRARIES = YES;
				BUNDLE_LOADER = "$(TEST_HOST)";
				CODE_SIGN_STYLE = Automatic;
				DEVELOPMENT_TEAM = Q97ACDUTR7;
				INFOPLIST_FILE = "I AmTests/Info.plist";
				LD_RUNPATH_SEARCH_PATHS = (
					"$(inherited)",
					"@executable_path/Frameworks",
					"@loader_path/Frameworks",
				);
				PRODUCT_BUNDLE_IDENTIFIER = "com.quasar.I-AmTests";
				PRODUCT_NAME = "$(TARGET_NAME)";
				SWIFT_VERSION = 4.2;
				TARGETED_DEVICE_FAMILY = "1,2";
				TEST_HOST = "$(BUILT_PRODUCTS_DIR)/I Am.app/I Am";
			};
			name = Release;
		};
		8D1A75C52185901E008C0BF4 /* Debug */ = {
			isa = XCBuildConfiguration;
			buildSettings = {
				ALWAYS_EMBED_SWIFT_STANDARD_LIBRARIES = YES;
				CODE_SIGN_STYLE = Automatic;
				DEVELOPMENT_TEAM = Q97ACDUTR7;
				INFOPLIST_FILE = "I AmUITests/Info.plist";
				LD_RUNPATH_SEARCH_PATHS = (
					"$(inherited)",
					"@executable_path/Frameworks",
					"@loader_path/Frameworks",
				);
				PRODUCT_BUNDLE_IDENTIFIER = "com.quasar.I-AmUITests";
				PRODUCT_NAME = "$(TARGET_NAME)";
				SWIFT_VERSION = 4.2;
				TARGETED_DEVICE_FAMILY = "1,2";
				TEST_TARGET_NAME = "I Am";
			};
			name = Debug;
		};
		8D1A75C62185901E008C0BF4 /* Release */ = {
			isa = XCBuildConfiguration;
			buildSettings = {
				ALWAYS_EMBED_SWIFT_STANDARD_LIBRARIES = YES;
				CODE_SIGN_STYLE = Automatic;
				DEVELOPMENT_TEAM = Q97ACDUTR7;
				INFOPLIST_FILE = "I AmUITests/Info.plist";
				LD_RUNPATH_SEARCH_PATHS = (
					"$(inherited)",
					"@executable_path/Frameworks",
					"@loader_path/Frameworks",
				);
				PRODUCT_BUNDLE_IDENTIFIER = "com.quasar.I-AmUITests";
				PRODUCT_NAME = "$(TARGET_NAME)";
				SWIFT_VERSION = 4.2;
				TARGETED_DEVICE_FAMILY = "1,2";
				TEST_TARGET_NAME = "I Am";
			};
			name = Release;
		};
/* End XCBuildConfiguration section */

/* Begin XCConfigurationList section */
		8D1A758E21859018008C0BF4 /* Build configuration list for PBXProject "I Am" */ = {
			isa = XCConfigurationList;
			buildConfigurations = (
				8D1A75BC2185901E008C0BF4 /* Debug */,
				8D1A75BD2185901E008C0BF4 /* Release */,
			);
			defaultConfigurationIsVisible = 0;
			defaultConfigurationName = Release;
		};
		8D1A75BE2185901E008C0BF4 /* Build configuration list for PBXNativeTarget "I Am" */ = {
			isa = XCConfigurationList;
			buildConfigurations = (
				8D1A75BF2185901E008C0BF4 /* Debug */,
				8D1A75C02185901E008C0BF4 /* Release */,
			);
			defaultConfigurationIsVisible = 0;
			defaultConfigurationName = Release;
		};
		8D1A75C12185901E008C0BF4 /* Build configuration list for PBXNativeTarget "I AmTests" */ = {
			isa = XCConfigurationList;
			buildConfigurations = (
				8D1A75C22185901E008C0BF4 /* Debug */,
				8D1A75C32185901E008C0BF4 /* Release */,
			);
			defaultConfigurationIsVisible = 0;
			defaultConfigurationName = Release;
		};
		8D1A75C42185901E008C0BF4 /* Build configuration list for PBXNativeTarget "I AmUITests" */ = {
			isa = XCConfigurationList;
			buildConfigurations = (
				8D1A75C52185901E008C0BF4 /* Debug */,
				8D1A75C62185901E008C0BF4 /* Release */,
			);
			defaultConfigurationIsVisible = 0;
			defaultConfigurationName = Release;
		};
/* End XCConfigurationList section */

/* Begin XCVersionGroup section */
		8D1A759D21859018008C0BF4 /* I_Am.xcdatamodeld */ = {
			isa = XCVersionGroup;
			children = (
				8D1A759E21859018008C0BF4 /* I_Am.xcdatamodel */,
			);
			currentVersion = 8D1A759E21859018008C0BF4 /* I_Am.xcdatamodel */;
			path = I_Am.xcdatamodeld;
			sourceTree = "<group>";
			versionGroupType = wrapper.xcdatamodel;
		};
/* End XCVersionGroup section */
	};
	rootObject = 8D1A758B21859018008C0BF4 /* Project object */;
}
